
Microsoft Visual Studio Solution File, Format Version 12.00
# Visual Studio Version 17
VisualStudioVersion = 17.3.32922.545
MinimumVisualStudioVersion = 10.0.40219.1
Project("{FAE04EC0-301F-11D3-BF4B-00C04F79EFBC}") = "Anket programı", "Anket programı\Anket programı.csproj", "{EF4CE734-5C97-436B-AE1F-0560ABC0FADE}"
EndProject
Global
	GlobalSection(SolutionConfigurationPlatforms) = preSolution
		Debug|Any CPU = Debug|Any CPU
		Release|Any CPU = Release|Any CPU
	EndGlobalSection
	GlobalSection(ProjectConfigurationPlatforms) = postSolution
		{EF4CE734-5C97-436B-AE1F-0560ABC0FADE}.Debug|Any CPU.ActiveCfg = Debug|Any CPU
		{EF4CE734-5C97-436B-AE1F-0560ABC0FADE}.Debug|Any CPU.Build.0 = Debug|Any CPU
		{EF4CE734-5C97-436B-AE1F-0560ABC0FADE}.Release|Any CPU.ActiveCfg = Release|Any CPU
		{EF4CE734-5C97-436B-AE1F-0560ABC0FADE}.Release|Any CPU.Build.0 = Release|Any CPU
	EndGlobalSection
	GlobalSection(SolutionProperties) = preSolution
		HideSolutionNode = FALSE
	EndGlobalSection
	GlobalSection(ExtensibilityGlobals) = postSolution
		SolutionGuid = {B5C2B68D-DB0F-421F-BC4E-743DDD62A2D3}
	EndGlobalSection
EndGlobal
